
Microsoft Visual Studio Solution File, Format Version 12.00
# Visual Studio Version 17
VisualStudioVersion = 17.3.32825.248
MinimumVisualStudioVersion = 10.0.40219.1
Project("{9A19103F-16F7-4668-BE54-9A1E7A4F7556}") = "EmbyPlugin", "EmbyPlugin\EmbyPlugin.csproj", "{6830C521-1F52-4E79-BF52-DD2F873FE549}"
EndProject
Project("{2150E333-8FDC-42A3-9474-1A3956D46DE8}") = "Configuration", "Configuration", "{32DE1148-8DDF-44BA-98CD-24544AA2B015}"
	ProjectSection(SolutionItems) = preProject
		PluginConfiguration.cs = PluginConfiguration.cs
	EndProjectSection
EndProject
Project("{2150E333-8FDC-42A3-9474-1A3956D46DE8}") = "Solution Items", "Solution Items", "{971EF744-B6D0-49A7-9E76-B9E316178CA7}"
EndProject
Global
	GlobalSection(SolutionConfigurationPlatforms) = preSolution
		Debug|Any CPU = Debug|Any CPU
		Release|Any CPU = Release|Any CPU
	EndGlobalSection
	GlobalSection(ProjectConfigurationPlatforms) = postSolution
		{6830C521-1F52-4E79-BF52-DD2F873FE549}.Debug|Any CPU.ActiveCfg = Debug|Any CPU
		{6830C521-1F52-4E79-BF52-DD2F873FE549}.Debug|Any CPU.Build.0 = Debug|Any CPU
		{6830C521-1F52-4E79-BF52-DD2F873FE549}.Release|Any CPU.ActiveCfg = Release|Any CPU
		{6830C521-1F52-4E79-BF52-DD2F873FE549}.Release|Any CPU.Build.0 = Release|Any CPU
	EndGlobalSection
	GlobalSection(SolutionProperties) = preSolution
		HideSolutionNode = FALSE
	EndGlobalSection
	GlobalSection(ExtensibilityGlobals) = postSolution
		SolutionGuid = {A9FCF87A-7A1A-440C-902C-5C53B2DF2314}
	EndGlobalSection
EndGlobal
